<?xml version="1.0" encoding="utf-8"?>
<Project ToolsVersion="4.0" xmlns="http://schemas.microsoft.com/developer/msbuild/2003">
  <ItemGroup>
    <Filter Include="源文件">
      <UniqueIdentifier>{4FC737F1-C7A5-4376-A066-2A32D752A2FF}</UniqueIdentifier>
      <Extensions>cpp;c;cc;cxx;def;odl;idl;hpj;bat;asm;asmx</Extensions>
    </Filter>
    <Filter Include="头文件">
      <UniqueIdentifier>{93995380-89BD-4b04-88EB-625FBE52EBFB}</UniqueIdentifier>
      <Extensions>h;hpp;hxx;hm;inl;inc;xsd</Extensions>
    </Filter>
    <Filter Include="资源文件">
      <UniqueIdentifier>{67DA6AB6-F800-4c08-8B7A-83BB121AAD01}</UniqueIdentifier>
      <Extensions>rc;ico;cur;bmp;dlg;rc2;rct;bin;rgs;gif;jpg;jpeg;jpe;resx;tiff;tif;png;wav;mfcribbon-ms</Extensions>
    </Filter>
  </ItemGroup>
  <ItemGroup>
    <None Include="ReadMe.txt" />
    <None Include="res\LedNetSdkDemo.rc2">
      <Filter>资源文件</Filter>
    </None>
    <None Include="res\LedNetSdkDemo.ico">
      <Filter>资源文件</Filter>
    </None>
  </ItemGroup>
  <ItemGroup>
    <ClInclude Include="LedNetSdkDemo.h">
      <Filter>头文件</Filter>
    </ClInclude>
    <ClInclude Include="LedNetSdkDemoDlg.h">
      <Filter>头文件</Filter>
    </ClInclude>
    <ClInclude Include="stdafx.h">
      <Filter>头文件</Filter>
    </ClInclude>
    <ClInclude Include="targetver.h">
      <Filter>头文件</Filter>
    </ClInclude>
    <ClInclude Include="Resource.h">
      <Filter>头文件</Filter>
    </ClInclude>
    <ClInclude Include="ScreenProperty.h">
      <Filter>头文件</Filter>
    </ClInclude>
    <ClInclude Include="ProgramDlg.h">
      <Filter>头文件</Filter>
    </ClInclude>
    <ClInclude Include="NetDlg.h">
      <Filter>头文件</Filter>
    </ClInclude>
    <ClInclude Include="BrightDlg.h">
      <Filter>头文件</Filter>
    </ClInclude>
    <ClInclude Include="VolumeDlg.h">
      <Filter>头文件</Filter>
    </ClInclude>
    <ClInclude Include="OnoffDlg.h">
      <Filter>头文件</Filter>
    </ClInclude>
    <ClInclude Include="FirmwareDlg.h">
      <Filter>头文件</Filter>
    </ClInclude>
    <ClInclude Include="PlaylistDlg.h">
      <Filter>头文件</Filter>
    </ClInclude>
    <ClInclude Include="VideoAreaDlg.h">
      <Filter>头文件</Filter>
    </ClInclude>
    <ClInclude Include="ImageAreaDlg.h">
      <Filter>头文件</Filter>
    </ClInclude>
    <ClInclude Include="TimeAreaDlg.h">
      <Filter>头文件</Filter>
    </ClInclude>
    <ClInclude Include="CounterAreaDlg.h">
      <Filter>头文件</Filter>
    </ClInclude>
    <ClInclude Include="LunarAreaDlg.h">
      <Filter>头文件</Filter>
    </ClInclude>
    <ClInclude Include="ClockAreaDlg.h">
      <Filter>头文件</Filter>
    </ClInclude>
    <ClInclude Include="TextAreaDlg.h">
      <Filter>头文件</Filter>
    </ClInclude>
    <ClInclude Include="ClientDlg.h">
      <Filter>头文件</Filter>
    </ClInclude>
    <ClInclude Include="ServerDlg.h">
      <Filter>头文件</Filter>
    </ClInclude>
    <ClInclude Include="VanDlg.h">
      <Filter>头文件</Filter>
    </ClInclude>
    <ClInclude Include="DynamicList.h">
      <Filter>头文件</Filter>
    </ClInclude>
    <ClInclude Include="DynamicFile.h">
      <Filter>头文件</Filter>
    </ClInclude>
    <ClInclude Include="StrPageDlg.h">
      <Filter>头文件</Filter>
    </ClInclude>
  </ItemGroup>
  <ItemGroup>
    <ClCompile Include="LedNetSdkDemo.cpp">
      <Filter>源文件</Filter>
    </ClCompile>
    <ClCompile Include="LedNetSdkDemoDlg.cpp">
      <Filter>源文件</Filter>
    </ClCompile>
    <ClCompile Include="stdafx.cpp">
      <Filter>源文件</Filter>
    </ClCompile>
    <ClCompile Include="ScreenProperty.cpp">
      <Filter>源文件</Filter>
    </ClCompile>
    <ClCompile Include="ProgramDlg.cpp">
      <Filter>源文件</Filter>
    </ClCompile>
    <ClCompile Include="NetDlg.cpp">
      <Filter>源文件</Filter>
    </ClCompile>
    <ClCompile Include="BrightDlg.cpp">
      <Filter>源文件</Filter>
    </ClCompile>
    <ClCompile Include="VolumeDlg.cpp">
      <Filter>源文件</Filter>
    </ClCompile>
    <ClCompile Include="OnoffDlg.cpp">
      <Filter>源文件</Filter>
    </ClCompile>
    <ClCompile Include="FirmwareDlg.cpp">
      <Filter>源文件</Filter>
    </ClCompile>
    <ClCompile Include="PlaylistDlg.cpp">
      <Filter>源文件</Filter>
    </ClCompile>
    <ClCompile Include="VideoAreaDlg.cpp">
      <Filter>源文件</Filter>
    </ClCompile>
    <ClCompile Include="ImageAreaDlg.cpp">
      <Filter>源文件</Filter>
    </ClCompile>
    <ClCompile Include="TimeAreaDlg.cpp">
      <Filter>源文件</Filter>
    </ClCompile>
    <ClCompile Include="CounterAreaDlg.cpp">
      <Filter>源文件</Filter>
    </ClCompile>
    <ClCompile Include="LunarAreaDlg.cpp">
      <Filter>源文件</Filter>
    </ClCompile>
    <ClCompile Include="ClockAreaDlg.cpp">
      <Filter>源文件</Filter>
    </ClCompile>
    <ClCompile Include="TextAreaDlg.cpp">
      <Filter>源文件</Filter>
    </ClCompile>
    <ClCompile Include="ClientDlg.cpp">
      <Filter>源文件</Filter>
    </ClCompile>
    <ClCompile Include="ServerDlg.cpp">
      <Filter>源文件</Filter>
    </ClCompile>
    <ClCompile Include="VanDlg.cpp">
      <Filter>源文件</Filter>
    </ClCompile>
    <ClCompile Include="DynamicList.cpp">
      <Filter>源文件</Filter>
    </ClCompile>
    <ClCompile Include="DynamicFile.cpp">
      <Filter>源文件</Filter>
    </ClCompile>
    <ClCompile Include="StrPageDlg.cpp">
      <Filter>源文件</Filter>
    </ClCompile>
  </ItemGroup>
  <ItemGroup>
    <ResourceCompile Include="LedNetSdkDemo.rc">
      <Filter>资源文件</Filter>
    </ResourceCompile>
  </ItemGroup>
</Project>